{
  "name": "linux-icons-electron-example",
  "version": "1.1.2",
  "lockfileVersion": 1,
  "requires": true,
  "dependencies": {
    "const-max-uint32": {
      "version": "1.0.2",
      "resolved": "https://registry.npmjs.org/const-max-uint32/-/const-max-uint32-1.0.2.tgz",
      "integrity": "sha1-8Am7YjDmeO2HTdLWqc2ePL+rtnY="
    },
    "const-pinf-float64": {
      "version": "1.0.0",
      "resolved": "https://registry.npmjs.org/const-pinf-float64/-/const-pinf-float64-1.0.0.tgz",
      "integrity": "sha1-9u+w15+cCYbT558pI6v5twtj1yY="
    },
    "electron": {
      "version": "1.6.10",
      "resolved": "https://registry.npmjs.org/electron/-/electron-1.6.10.tgz",
      "integrity": "sha1-Twuc1ZbjVwC1cSj5iMwdLOZ+VnE="
    },
    "linux-icons": {
      "version": "1.1.1",
      "resolved": "https://registry.npmjs.org/linux-icons/-/linux-icons-1.1.1.tgz",
      "integrity": "sha512-iR1nCutVrhRY7Dk09r9yo9wO+M3yE03oPwoz/fD+q60wpGAZ5eA4F3faVIbkkcGWjjV5eXmFCNkKq7pxZJjCvQ==",
      "requires": {
        "svg2png": "^4.1.1",
        "utils-fs-read-ini": "^1.0.0"
      }
    },
    "properties": {
      "version": "1.2.1",
      "resolved": "https://registry.npmjs.org/properties/-/properties-1.2.1.tgz",
      "integrity": "sha1-Dul6f8AgsaKlW4ZZ7aSqjYaQlL0="
    },
    "regex-regex": {
      "version": "1.0.0",
      "resolved": "https://registry.npmjs.org/regex-regex/-/regex-regex-1.0.0.tgz",
      "integrity": "sha1-kEih6uuHD01IDavHb8Qs3MC8OnI="
    },
    "svg2png": {
      "version": "4.1.1",
      "resolved": "https://registry.npmjs.org/svg2png/-/svg2png-4.1.1.tgz",
      "integrity": "sha1-a54DmKpBh3i2Q24Sei+38A1JnCg="
    },
    "type-name": {
      "version": "1.1.0",
      "resolved": "https://registry.npmjs.org/type-name/-/type-name-1.1.0.tgz",
      "integrity": "sha1-rZw/fDMPWy8I3n159W0rlFHkKw4="
    },
    "utils-copy": {
      "version": "1.1.1",
      "resolved": "https://registry.npmjs.org/utils-copy/-/utils-copy-1.1.1.tgz",
      "integrity": "sha1-biuXmCqozXPhGCo+b4vsPA9AWKc=",
      "requires": {
        "const-pinf-float64": "^1.0.0",
        "object-keys": "^1.0.9",
        "type-name": "^2.0.0",
        "utils-copy-error": "^1.0.0",
        "utils-indexof": "^1.0.0",
        "utils-regex-from-string": "^1.0.0",
        "validate.io-array": "^1.0.3",
        "validate.io-buffer": "^1.0.1",
        "validate.io-nonnegative-integer": "^1.0.0"
      },
      "dependencies": {
        "object-keys": {
          "version": "1.1.1",
          "resolved": "https://registry.npmjs.org/object-keys/-/object-keys-1.1.1.tgz",
          "integrity": "sha512-NuAESUOUMrlIXOfHKzD6bpPu3tYt3xvjNdRIQ+FeT0lNb4K8WR70CaDxhuNguS2XG+GjkyMwOzsN5ZktImfhLA=="
        },
        "type-name": {
          "version": "2.0.2",
          "resolved": "https://registry.npmjs.org/type-name/-/type-name-2.0.2.tgz",
          "integrity": "sha1-7+fUEj2KxSr/9/QMfk3sUmYAj7Q="
        }
      }
    },
    "utils-copy-error": {
      "version": "1.0.1",
      "resolved": "https://registry.npmjs.org/utils-copy-error/-/utils-copy-error-1.0.1.tgz",
      "integrity": "sha1-eR3jk8DwmJCv1Z88vqY18HmpT6U=",
      "requires": {
        "object-keys": "^1.0.9",
        "utils-copy": "^1.1.0"
      },
      "dependencies": {
        "object-keys": {
          "version": "1.1.1",
          "resolved": "https://registry.npmjs.org/object-keys/-/object-keys-1.1.1.tgz",
          "integrity": "sha512-NuAESUOUMrlIXOfHKzD6bpPu3tYt3xvjNdRIQ+FeT0lNb4K8WR70CaDxhuNguS2XG+GjkyMwOzsN5ZktImfhLA=="
        }
      }
    },
    "utils-fs-read-file": {
      "version": "1.0.0",
      "resolved": "https://registry.npmjs.org/utils-fs-read-file/-/utils-fs-read-file-1.0.0.tgz",
      "integrity": "sha1-i+Ey30ch1pE8bleFq4gOm8I2L6A="
    },
    "utils-fs-read-ini": {
      "version": "1.0.0",
      "resolved": "https://registry.npmjs.org/utils-fs-read-ini/-/utils-fs-read-ini-1.0.0.tgz",
      "integrity": "sha1-9yXWFnxqNu9xLg6tYRWTPQvaaW4=",
      "requires": {
        "properties": "^1.2.1",
        "utils-fs-read-file": "^1.0.0",
        "utils-ini-parse": "^1.0.0",
        "validate.io-string-primitive": "^1.0.0"
      }
    },
    "utils-indexof": {
      "version": "1.0.0",
      "resolved": "https://registry.npmjs.org/utils-indexof/-/utils-indexof-1.0.0.tgz",
      "integrity": "sha1-IP6r8J7xAYtSNkPoOA57yD7GG1w=",
      "requires": {
        "validate.io-array-like": "^1.0.1",
        "validate.io-integer-primitive": "^1.0.0"
      }
    },
    "utils-ini-parse": {
      "version": "1.0.0",
      "resolved": "https://registry.npmjs.org/utils-ini-parse/-/utils-ini-parse-1.0.0.tgz",
      "integrity": "sha1-hTDgHj2f5GPuwa5KMaY4TulqpSc=",
      "requires": {
        "utils-merge2": "^1.0.0",
        "utils-properties-parse": "^1.0.0"
      }
    },
    "utils-merge2": {
      "version": "1.0.0",
      "resolved": "https://registry.npmjs.org/utils-merge2/-/utils-merge2-1.0.0.tgz",
      "integrity": "sha1-as7KB15olkmaYJdgFC7ZdZCgs7o=",
      "requires": {
        "type-name": "^1.0.1",
        "utils-copy": "^1.0.0",
        "validate.io-boolean-primitive": "^1.0.0",
        "validate.io-buffer": "^1.0.0",
        "validate.io-function": "^1.0.2",
        "validate.io-object": "^1.0.3",
        "validate.io-positive-integer": "^1.0.0"
      }
    },
    "utils-properties-parse": {
      "version": "1.0.0",
      "resolved": "https://registry.npmjs.org/utils-properties-parse/-/utils-properties-parse-1.0.0.tgz",
      "integrity": "sha1-jN8FyvpdGgvcbtrOyRSSqeW3ybQ=",
      "requires": {
        "properties": "1.x.x"
      }
    },
    "utils-regex-from-string": {
      "version": "1.0.0",
      "resolved": "https://registry.npmjs.org/utils-regex-from-string/-/utils-regex-from-string-1.0.0.tgz",
      "integrity": "sha1-/hopCfjeD/DVGCyA+8ZU1qaH0Yk=",
      "requires": {
        "regex-regex": "^1.0.0",
        "validate.io-string-primitive": "^1.0.0"
      }
    },
    "validate.io-array": {
      "version": "1.0.6",
      "resolved": "https://registry.npmjs.org/validate.io-array/-/validate.io-array-1.0.6.tgz",
      "integrity": "sha1-W1osr9j4uFq7L4hroVPy2Tond00="
    },
    "validate.io-array-like": {
      "version": "1.0.2",
      "resolved": "https://registry.npmjs.org/validate.io-array-like/-/validate.io-array-like-1.0.2.tgz",
      "integrity": "sha1-evn363tRcVvrIhVmjsXM5U+t21o=",
      "requires": {
        "const-max-uint32": "^1.0.2",
        "validate.io-integer-primitive": "^1.0.0"
      }
    },
    "validate.io-boolean-primitive": {
      "version": "1.0.0",
      "resolved": "https://registry.npmjs.org/validate.io-boolean-primitive/-/validate.io-boolean-primitive-1.0.0.tgz",
      "integrity": "sha1-uxTJy4aDw8nz0TKalad2jj7inrU="
    },
    "validate.io-buffer": {
      "version": "1.0.2",
      "resolved": "https://registry.npmjs.org/validate.io-buffer/-/validate.io-buffer-1.0.2.tgz",
      "integrity": "sha1-hS1nNAIZFNXROvwyUxdh43IO1E4="
    },
    "validate.io-function": {
      "version": "1.0.2",
      "resolved": "https://registry.npmjs.org/validate.io-function/-/validate.io-function-1.0.2.tgz",
      "integrity": "sha1-NDoZgC7TsZaCaceA5VjpNBHAutc="
    },
    "validate.io-integer": {
      "version": "1.0.5",
      "resolved": "https://registry.npmjs.org/validate.io-integer/-/validate.io-integer-1.0.5.tgz",
      "integrity": "sha1-FoSWSAuVviJH7EQ/IjPeT4mHgGg=",
      "requires": {
        "validate.io-number": "^1.0.3"
      }
    },
    "validate.io-integer-primitive": {
      "version": "1.0.0",
      "resolved": "https://registry.npmjs.org/validate.io-integer-primitive/-/validate.io-integer-primitive-1.0.0.tgz",
      "integrity": "sha1-qaoBA1X+hoHA/qbBp0rSQZyt3cY=",
      "requires": {
        "validate.io-number-primitive": "^1.0.0"
      }
    },
    "validate.io-nonnegative-integer": {
      "version": "1.0.0",
      "resolved": "https://registry.npmjs.org/validate.io-nonnegative-integer/-/validate.io-nonnegative-integer-1.0.0.tgz",
      "integrity": "sha1-gGkkOgjF+Y6VQTySnf17GPP28p8=",
      "requires": {
        "validate.io-integer": "^1.0.5"
      }
    },
    "validate.io-number": {
      "version": "1.0.3",
      "resolved": "https://registry.npmjs.org/validate.io-number/-/validate.io-number-1.0.3.tgz",
      "integrity": "sha1-9j/+2iSL8opnqNSODjtGGhZluvg="
    },
    "validate.io-number-primitive": {
      "version": "1.0.0",
      "resolved": "https://registry.npmjs.org/validate.io-number-primitive/-/validate.io-number-primitive-1.0.0.tgz",
      "integrity": "sha1-0uAfICmJNp3PEVVElWQgOv5YTlU="
    },
    "validate.io-object": {
      "version": "1.0.4",
      "resolved": "https://registry.npmjs.org/validate.io-object/-/validate.io-object-1.0.4.tgz",
      "integrity": "sha1-3KAezu45DhENvCr4Q8gfe/M6Qas=",
      "requires": {
        "validate.io-array": "^1.0.1"
      }
    },
    "validate.io-positive-integer": {
      "version": "1.0.0",
      "resolved": "https://registry.npmjs.org/validate.io-positive-integer/-/validate.io-positive-integer-1.0.0.tgz",
      "integrity": "sha1-ftLQO0wnVYzGagCqsPDpIYFKZYI=",
      "requires": {
        "validate.io-integer": "^1.0.5"
      }
    },
    "validate.io-string-primitive": {
      "version": "1.0.1",
      "resolved": "https://registry.npmjs.org/validate.io-string-primitive/-/validate.io-string-primitive-1.0.1.tgz",
      "integrity": "sha1-uBNbn7E3K94C/dU60dDM1t55j+4="
    }
  }
}
